
Microsoft Visual Studio Solution File, Format Version 12.00
# Visual Studio Version 16
VisualStudioVersion = 16.0.30503.244
MinimumVisualStudioVersion = 10.0.40219.1
Project("{FAE04EC0-301F-11D3-BF4B-00C04F79EFBC}") = "Tutorial Cs", "Tutorial Cs\Tutorial Cs.csproj", "{0943F647-71BB-40BC-8671-D68CEAE28B08}"
EndProject
Project("{FAE04EC0-301F-11D3-BF4B-00C04F79EFBC}") = "Cicli in Cs", "Cicli in Cs\Cicli in Cs.csproj", "{5511681B-2E2C-45E6-8929-05395B5DFEB4}"
EndProject
Global
	GlobalSection(SolutionConfigurationPlatforms) = preSolution
		Debug|Any CPU = Debug|Any CPU
		Release|Any CPU = Release|Any CPU
	EndGlobalSection
	GlobalSection(ProjectConfigurationPlatforms) = postSolution
		{0943F647-71BB-40BC-8671-D68CEAE28B08}.Debug|Any CPU.ActiveCfg = Debug|Any CPU
		{0943F647-71BB-40BC-8671-D68CEAE28B08}.Debug|Any CPU.Build.0 = Debug|Any CPU
		{0943F647-71BB-40BC-8671-D68CEAE28B08}.Release|Any CPU.ActiveCfg = Release|Any CPU
		{0943F647-71BB-40BC-8671-D68CEAE28B08}.Release|Any CPU.Build.0 = Release|Any CPU
		{5511681B-2E2C-45E6-8929-05395B5DFEB4}.Debug|Any CPU.ActiveCfg = Debug|Any CPU
		{5511681B-2E2C-45E6-8929-05395B5DFEB4}.Debug|Any CPU.Build.0 = Debug|Any CPU
		{5511681B-2E2C-45E6-8929-05395B5DFEB4}.Release|Any CPU.ActiveCfg = Release|Any CPU
		{5511681B-2E2C-45E6-8929-05395B5DFEB4}.Release|Any CPU.Build.0 = Release|Any CPU
	EndGlobalSection
	GlobalSection(SolutionProperties) = preSolution
		HideSolutionNode = FALSE
	EndGlobalSection
	GlobalSection(ExtensibilityGlobals) = postSolution
		SolutionGuid = {07CD9E05-89DD-4330-B991-E41930CE8089}
	EndGlobalSection
EndGlobal
